// !$*UTF8*$!
{
	archiveVersion = 1;
	classes = {
	};
	objectVersion = 46;
	objects = {

/* Begin PBXBuildFile section */
		522788E51D65489500675886 /* AppDelegate.swift in Sources */ = {isa = PBXBuildFile; fileRef = 522788E41D65489500675886 /* AppDelegate.swift */; };
		522788E71D65489500675886 /* HomeViewController.swift in Sources */ = {isa = PBXBuildFile; fileRef = 522788E61D65489500675886 /* HomeViewController.swift */; };
		522788EA1D65489500675886 /* Main.storyboard in Resources */ = {isa = PBXBuildFile; fileRef = 522788E81D65489500675886 /* Main.storyboard */; };
		522788EC1D65489500675886 /* Assets.xcassets in Resources */ = {isa = PBXBuildFile; fileRef = 522788EB1D65489500675886 /* Assets.xcassets */; };
		522788EF1D65489500675886 /* LaunchScreen.storyboard in Resources */ = {isa = PBXBuildFile; fileRef = 522788ED1D65489500675886 /* LaunchScreen.storyboard */; };
		522788F71D654D3200675886 /* Character.swift in Sources */ = {isa = PBXBuildFile; fileRef = 522788F61D654D3200675886 /* Character.swift */; };
		522788F91D654E0E00675886 /* CharacterTableViewCell.swift in Sources */ = {isa = PBXBuildFile; fileRef = 522788F81D654E0E00675886 /* CharacterTableViewCell.swift */; };
		522788FB1D65659400675886 /* CharacterViewController.swift in Sources */ = {isa = PBXBuildFile; fileRef = 522788FA1D65659400675886 /* CharacterViewController.swift */; };
/* End PBXBuildFile section */

/* Begin PBXFileReference section */
		522788E11D65489500675886 /* StarWars.app */ = {isa = PBXFileReference; explicitFileType = wrapper.application; includeInIndex = 0; path = StarWars.app; sourceTree = BUILT_PRODUCTS_DIR; };
		522788E41D65489500675886 /* AppDelegate.swift */ = {isa = PBXFileReference; lastKnownFileType = sourcecode.swift; path = AppDelegate.swift; sourceTree = "<group>"; };
		522788E61D65489500675886 /* HomeViewController.swift */ = {isa = PBXFileReference; lastKnownFileType = sourcecode.swift; path = HomeViewController.swift; sourceTree = "<group>"; };
		522788E91D65489500675886 /* Base */ = {isa = PBXFileReference; lastKnownFileType = file.storyboard; name = Base; path = Base.lproj/Main.storyboard; sourceTree = "<group>"; };
		522788EB1D65489500675886 /* Assets.xcassets */ = {isa = PBXFileReference; lastKnownFileType = folder.assetcatalog; path = Assets.xcassets; sourceTree = "<group>"; };
		522788EE1D65489500675886 /* Base */ = {isa = PBXFileReference; lastKnownFileType = file.storyboard; name = Base; path = Base.lproj/LaunchScreen.storyboard; sourceTree = "<group>"; };
		522788F01D65489500675886 /* Info.plist */ = {isa = PBXFileReference; lastKnownFileType = text.plist.xml; path = Info.plist; sourceTree = "<group>"; };
		522788F61D654D3200675886 /* Character.swift */ = {isa = PBXFileReference; fileEncoding = 4; lastKnownFileType = sourcecode.swift; path = Character.swift; sourceTree = "<group>"; };
		522788F81D654E0E00675886 /* CharacterTableViewCell.swift */ = {isa = PBXFileReference; fileEncoding = 4; lastKnownFileType = sourcecode.swift; path = CharacterTableViewCell.swift; sourceTree = "<group>"; };
		522788FA1D65659400675886 /* CharacterViewController.swift */ = {isa = PBXFileReference; fileEncoding = 4; lastKnownFileType = sourcecode.swift; path = CharacterViewController.swift; sourceTree = "<group>"; };
/* End PBXFileReference section */

/* Begin PBXFrameworksBuildPhase section */
		522788DE1D65489500675886 /* Frameworks */ = {
			isa = PBXFrameworksBuildPhase;
			buildActionMask = 2147483647;
			files = (
			);
			runOnlyForDeploymentPostprocessing = 0;
		};
/* End PBXFrameworksBuildPhase section */

/* Begin PBXGroup section */
		522788D81D65489500675886 = {
			isa = PBXGroup;
			children = (
				522788E31D65489500675886 /* StarWars */,
				522788E21D65489500675886 /* Products */,
			);
			sourceTree = "<group>";
		};
		522788E21D65489500675886 /* Products */ = {
			isa = PBXGroup;
			children = (
				522788E11D65489500675886 /* StarWars.app */,
			);
			name = Products;
			sourceTree = "<group>";
		};
		522788E31D65489500675886 /* StarWars */ = {
			isa = PBXGroup;
			children = (
				522788E41D65489500675886 /* AppDelegate.swift */,
				522788E61D65489500675886 /* HomeViewController.swift */,
				522788E81D65489500675886 /* Main.storyboard */,
				522788EB1D65489500675886 /* Assets.xcassets */,
				522788ED1D65489500675886 /* LaunchScreen.storyboard */,
				522788F01D65489500675886 /* Info.plist */,
				522788F61D654D3200675886 /* Character.swift */,
				522788F81D654E0E00675886 /* CharacterTableViewCell.swift */,
				522788FA1D65659400675886 /* CharacterViewController.swift */,
			);
			path = StarWars;
			sourceTree = "<group>";
		};
/* End PBXGroup section */

/* Begin PBXNativeTarget section */
		522788E01D65489500675886 /* StarWars */ = {
			isa = PBXNativeTarget;
			buildConfigurationList = 522788F31D65489500675886 /* Build configuration list for PBXNativeTarget "StarWars" */;
			buildPhases = (
				522788DD1D65489500675886 /* Sources */,
				522788DE1D65489500675886 /* Frameworks */,
				522788DF1D65489500675886 /* Resources */,
			);
			buildRules = (
			);
			dependencies = (
			);
			name = StarWars;
			productName = StarWars;
			productReference = 522788E11D65489500675886 /* StarWars.app */;
			productType = "com.apple.product-type.application";
		};
/* End PBXNativeTarget section */

/* Begin PBXProject section */
		522788D91D65489500675886 /* Project object */ = {
			isa = PBXProject;
			attributes = {
				LastSwiftUpdateCheck = 0730;
				LastUpgradeCheck = 0730;
				ORGANIZATIONNAME = "John Papa";
				TargetAttributes = {
					522788E01D65489500675886 = {
						CreatedOnToolsVersion = 7.3.1;
					};
				};
			};
			buildConfigurationList = 522788DC1D65489500675886 /* Build configuration list for PBXProject "StarWars" */;
			compatibilityVersion = "Xcode 3.2";
			developmentRegion = English;
			hasScannedForEncodings = 0;
			knownRegions = (
				en,
				Base,
			);
			mainGroup = 522788D81D65489500675886;
			productRefGroup = 522788E21D65489500675886 /* Products */;
			projectDirPath = "";
			projectRoot = "";
			targets = (
				522788E01D65489500675886 /* StarWars */,
			);
		};
/* End PBXProject section */

/* Begin PBXResourcesBuildPhase section */
		522788DF1D65489500675886 /* Resources */ = {
			isa = PBXResourcesBuildPhase;
			buildActionMask = 2147483647;
			files = (
				522788EF1D65489500675886 /* LaunchScreen.storyboard in Resources */,
				522788EC1D65489500675886 /* Assets.xcassets in Resources */,
				522788EA1D65489500675886 /* Main.storyboard in Resources */,
			);
			runOnlyForDeploymentPostprocessing = 0;
		};
/* End PBXResourcesBuildPhase section */

/* Begin PBXSourcesBuildPhase section */
		522788DD1D65489500675886 /* Sources */ = {
			isa = PBXSourcesBuildPhase;
			buildActionMask = 2147483647;
			files = (
				522788F71D654D3200675886 /* Character.swift in Sources */,
				522788FB1D65659400675886 /* CharacterViewController.swift in Sources */,
				522788E71D65489500675886 /* HomeViewController.swift in Sources */,
				522788E51D65489500675886 /* AppDelegate.swift in Sources */,
				522788F91D654E0E00675886 /* CharacterTableViewCell.swift in Sources */,
			);
			runOnlyForDeploymentPostprocessing = 0;
		};
/* End PBXSourcesBuildPhase section */

/* Begin PBXVariantGroup section */
		522788E81D65489500675886 /* Main.storyboard */ = {
			isa = PBXVariantGroup;
			children = (
				522788E91D65489500675886 /* Base */,
			);
			name = Main.storyboard;
			sourceTree = "<group>";
		};
		522788ED1D65489500675886 /* LaunchScreen.storyboard */ = {
			isa = PBXVariantGroup;
			children = (
				522788EE1D65489500675886 /* Base */,
			);
			name = LaunchScreen.storyboard;
			sourceTree = "<group>";
		};
/* End PBXVariantGroup section */

/* Begin XCBuildConfiguration section */
		522788F11D65489500675886 /* Debug */ = {
			isa = XCBuildConfiguration;
			buildSettings = {
				ALWAYS_SEARCH_USER_PATHS = NO;
				CLANG_ANALYZER_NONNULL = YES;
				CLANG_CXX_LANGUAGE_STANDARD = "gnu++0x";
				CLANG_CXX_LIBRARY = "libc++";
				CLANG_ENABLE_MODULES = YES;
				CLANG_ENABLE_OBJC_ARC = YES;
				CLANG_WARN_BOOL_CONVERSION = YES;
				CLANG_WARN_CONSTANT_CONVERSION = YES;
				CLANG_WARN_DIRECT_OBJC_ISA_USAGE = YES_ERROR;
				CLANG_WARN_EMPTY_BODY = YES;
				CLANG_WARN_ENUM_CONVERSION = YES;
				CLANG_WARN_INT_CONVERSION = YES;
				CLANG_WARN_OBJC_ROOT_CLASS = YES_ERROR;
				CLANG_WARN_UNREACHABLE_CODE = YES;
				CLANG_WARN__DUPLICATE_METHOD_MATCH = YES;
				"CODE_SIGN_IDENTITY[sdk=iphoneos*]" = "iPhone Developer";
				COPY_PHASE_STRIP = NO;
				DEBUG_INFORMATION_FORMAT = dwarf;
				ENABLE_STRICT_OBJC_MSGSEND = YES;
				ENABLE_TESTABILITY = YES;
				GCC_C_LANGUAGE_STANDARD = gnu99;
				GCC_DYNAMIC_NO_PIC = NO;
				GCC_NO_COMMON_BLOCKS = YES;
				GCC_OPTIMIZATION_LEVEL = 0;
				GCC_PREPROCESSOR_DEFINITIONS = (
					"DEBUG=1",
					"$(inherited)",
				);
				GCC_WARN_64_TO_32_BIT_CONVERSION = YES;
				GCC_WARN_ABOUT_RETURN_TYPE = YES_ERROR;
				GCC_WARN_UNDECLARED_SELECTOR = YES;
				GCC_WARN_UNINITIALIZED_AUTOS = YES_AGGRESSIVE;
				GCC_WARN_UNUSED_FUNCTION = YES;
				GCC_WARN_UNUSED_VARIABLE = YES;
				IPHONEOS_DEPLOYMENT_TARGET = 9.3;
				MTL_ENABLE_DEBUG_INFO = YES;
				ONLY_ACTIVE_ARCH = YES;
				SDKROOT = iphoneos;
				SWIFT_OPTIMIZATION_LEVEL = "-Onone";
				TARGETED_DEVICE_FAMILY = "1,2";
			};
			name = Debug;
		};
		522788F21D65489500675886 /* Release */ = {
			isa = XCBuildConfiguration;
			buildSettings = {
				ALWAYS_SEARCH_USER_PATHS = NO;
				CLANG_ANALYZER_NONNULL = YES;
				CLANG_CXX_LANGUAGE_STANDARD = "gnu++0x";
				CLANG_CXX_LIBRARY = "libc++";
				CLANG_ENABLE_MODULES = YES;
				CLANG_ENABLE_OBJC_ARC = YES;
				CLANG_WARN_BOOL_CONVERSION = YES;
				CLANG_WARN_CONSTANT_CONVERSION = YES;
				CLANG_WARN_DIRECT_OBJC_ISA_USAGE = YES_ERROR;
				CLANG_WARN_EMPTY_BODY = YES;
				CLANG_WARN_ENUM_CONVERSION = YES;
				CLANG_WARN_INT_CONVERSION = YES;
				CLANG_WARN_OBJC_ROOT_CLASS = YES_ERROR;
				CLANG_WARN_UNREACHABLE_CODE = YES;
				CLANG_WARN__DUPLICATE_METHOD_MATCH = YES;
				"CODE_SIGN_IDENTITY[sdk=iphoneos*]" = "iPhone Developer";
				COPY_PHASE_STRIP = NO;
				DEBUG_INFORMATION_FORMAT = "dwarf-with-dsym";
				ENABLE_NS_ASSERTIONS = NO;
				ENABLE_STRICT_OBJC_MSGSEND = YES;
				GCC_C_LANGUAGE_STANDARD = gnu99;
				GCC_NO_COMMON_BLOCKS = YES;
				GCC_WARN_64_TO_32_BIT_CONVERSION = YES;
				GCC_WARN_ABOUT_RETURN_TYPE = YES_ERROR;
				GCC_WARN_UNDECLARED_SELECTOR = YES;
				GCC_WARN_UNINITIALIZED_AUTOS = YES_AGGRESSIVE;
				GCC_WARN_UNUSED_FUNCTION = YES;
				GCC_WARN_UNUSED_VARIABLE = YES;
				IPHONEOS_DEPLOYMENT_TARGET = 9.3;
				MTL_ENABLE_DEBUG_INFO = NO;
				SDKROOT = iphoneos;
				TARGETED_DEVICE_FAMILY = "1,2";
				VALIDATE_PRODUCT = YES;
			};
			name = Release;
		};
		522788F41D65489500675886 /* Debug */ = {
			isa = XCBuildConfiguration;
			buildSettings = {
				ASSETCATALOG_COMPILER_APPICON_NAME = AppIcon;
				INFOPLIST_FILE = StarWars/Info.plist;
				LD_RUNPATH_SEARCH_PATHS = "$(inherited) @executable_path/Frameworks";
				PRODUCT_BUNDLE_IDENTIFIER = com.johnpapa.StarWars;
				PRODUCT_NAME = "$(TARGET_NAME)";
			};
			name = Debug;
		};
		522788F51D65489500675886 /* Release */ = {
			isa = XCBuildConfiguration;
			buildSettings = {
				ASSETCATALOG_COMPILER_APPICON_NAME = AppIcon;
				INFOPLIST_FILE = StarWars/Info.plist;
				LD_RUNPATH_SEARCH_PATHS = "$(inherited) @executable_path/Frameworks";
				PRODUCT_BUNDLE_IDENTIFIER = com.johnpapa.StarWars;
				PRODUCT_NAME = "$(TARGET_NAME)";
			};
			name = Release;
		};
/* End XCBuildConfiguration section */

/* Begin XCConfigurationList section */
		522788DC1D65489500675886 /* Build configuration list for PBXProject "StarWars" */ = {
			isa = XCConfigurationList;
			buildConfigurations = (
				522788F11D65489500675886 /* Debug */,
				522788F21D65489500675886 /* Release */,
			);
			defaultConfigurationIsVisible = 0;
			defaultConfigurationName = Release;
		};
		522788F31D65489500675886 /* Build configuration list for PBXNativeTarget "StarWars" */ = {
			isa = XCConfigurationList;
			buildConfigurations = (
				522788F41D65489500675886 /* Debug */,
				522788F51D65489500675886 /* Release */,
			);
			defaultConfigurationIsVisible = 0;
		};
/* End XCConfigurationList section */
	};
	rootObject = 522788D91D65489500675886 /* Project object */;
}
